
Microsoft Visual Studio Solution File, Format Version 11.00
# Visual Studio 2010
Project("{FAE04EC0-301F-11D3-BF4B-00C04F79EFBC}") = "hide and seek", "Assembly-CSharp-firstpass.csproj", "{B2E9BE16-9DB0-E7E9-6DB5-D78421258F12}"
EndProject
Project("{FAE04EC0-301F-11D3-BF4B-00C04F79EFBC}") = "hide and seek", "Assembly-CSharp.csproj", "{46AD3ABF-3E71-B00A-1E46-81411E750A1D}"
EndProject
Project("{FAE04EC0-301F-11D3-BF4B-00C04F79EFBC}") = "hide and seek", "Assembly-CSharp-Editor.csproj", "{BD901F27-2D92-4194-8541-8BBE9195ACB3}"
EndProject
Global
	GlobalSection(SolutionConfigurationPlatforms) = preSolution
		Debug|Any CPU = Debug|Any CPU
		Release|Any CPU = Release|Any CPU
	EndGlobalSection
	GlobalSection(ProjectConfigurationPlatforms) = postSolution
		{B2E9BE16-9DB0-E7E9-6DB5-D78421258F12}.Debug|Any CPU.ActiveCfg = Debug|Any CPU
		{B2E9BE16-9DB0-E7E9-6DB5-D78421258F12}.Debug|Any CPU.Build.0 = Debug|Any CPU
		{B2E9BE16-9DB0-E7E9-6DB5-D78421258F12}.Release|Any CPU.ActiveCfg = Release|Any CPU
		{B2E9BE16-9DB0-E7E9-6DB5-D78421258F12}.Release|Any CPU.Build.0 = Release|Any CPU
		{46AD3ABF-3E71-B00A-1E46-81411E750A1D}.Debug|Any CPU.ActiveCfg = Debug|Any CPU
		{46AD3ABF-3E71-B00A-1E46-81411E750A1D}.Debug|Any CPU.Build.0 = Debug|Any CPU
		{46AD3ABF-3E71-B00A-1E46-81411E750A1D}.Release|Any CPU.ActiveCfg = Release|Any CPU
		{46AD3ABF-3E71-B00A-1E46-81411E750A1D}.Release|Any CPU.Build.0 = Release|Any CPU
		{BD901F27-2D92-4194-8541-8BBE9195ACB3}.Debug|Any CPU.ActiveCfg = Debug|Any CPU
		{BD901F27-2D92-4194-8541-8BBE9195ACB3}.Debug|Any CPU.Build.0 = Debug|Any CPU
		{BD901F27-2D92-4194-8541-8BBE9195ACB3}.Release|Any CPU.ActiveCfg = Release|Any CPU
		{BD901F27-2D92-4194-8541-8BBE9195ACB3}.Release|Any CPU.Build.0 = Release|Any CPU
	EndGlobalSection
	GlobalSection(SolutionProperties) = preSolution
		HideSolutionNode = FALSE
	EndGlobalSection
	GlobalSection(MonoDevelopProperties) = preSolution
		StartupItem = Assembly-CSharp.csproj
	EndGlobalSection
EndGlobal
